
Microsoft Visual Studio Solution File, Format Version 12.00
# Visual Studio Version 16
VisualStudioVersion = 16.0.30225.117
MinimumVisualStudioVersion = 10.0.40219.1
Project("{FAE04EC0-301F-11D3-BF4B-00C04F79EFBC}") = "Serialization", "Serialization\Serialization.csproj", "{5460CF5B-6E1E-4C28-935C-CCEBB2D3021D}"
EndProject
Global
	GlobalSection(SolutionConfigurationPlatforms) = preSolution
		Debug|Any CPU = Debug|Any CPU
		Release|Any CPU = Release|Any CPU
	EndGlobalSection
	GlobalSection(ProjectConfigurationPlatforms) = postSolution
		{5460CF5B-6E1E-4C28-935C-CCEBB2D3021D}.Debug|Any CPU.ActiveCfg = Debug|Any CPU
		{5460CF5B-6E1E-4C28-935C-CCEBB2D3021D}.Debug|Any CPU.Build.0 = Debug|Any CPU
		{5460CF5B-6E1E-4C28-935C-CCEBB2D3021D}.Release|Any CPU.ActiveCfg = Release|Any CPU
		{5460CF5B-6E1E-4C28-935C-CCEBB2D3021D}.Release|Any CPU.Build.0 = Release|Any CPU
	EndGlobalSection
	GlobalSection(SolutionProperties) = preSolution
		HideSolutionNode = FALSE
	EndGlobalSection
	GlobalSection(ExtensibilityGlobals) = postSolution
		SolutionGuid = {63E21383-F7A7-44D5-A606-1B29DAE44F16}
	EndGlobalSection
EndGlobal
